# This file is automatically @generated by Cargo.
# It is not intended for manual editing.
version = 4

[[package]]
name = "clone_core"
version = "0.1.0"

[[package]]
name = "clone_player"
version = "0.1.0"
dependencies = [
 "clone_core",
]

[[package]]
name = "clone_server"
version = "0.1.0"
dependencies = [
 "clone_core",
]

[[package]]
name = "clone_studio"
version = "0.1.0"
dependencies = [
 "clone_core",
]
